
Microsoft Visual Studio Solution File, Format Version 12.00
# Visual Studio Version 17
VisualStudioVersion = 17.2.32526.322
MinimumVisualStudioVersion = 10.0.40219.1
Project("{FAE04EC0-301F-11D3-BF4B-00C04F79EFBC}") = "Presentacion_Proyecto", "TPFinalNivel2_Goñi(Proyecto)\Presentacion_Proyecto.csproj", "{3A20BC84-B268-41FA-8748-6A8C941C63BE}"
EndProject
Project("{FAE04EC0-301F-11D3-BF4B-00C04F79EFBC}") = "Dominio", "Dominio\Dominio.csproj", "{D419BE2F-0350-4B74-9D4D-796B03DF174F}"
EndProject
Project("{FAE04EC0-301F-11D3-BF4B-00C04F79EFBC}") = "Negocio", "Negocio\Negocio.csproj", "{5DF53FA4-BB0F-4019-9A3B-20F4C8C5D2E8}"
EndProject
Project("{2150E333-8FDC-42A3-9474-1A3956D46DE8}") = "Solution Items", "Solution Items", "{E4B46137-6A9E-43CC-9E72-0917188C9BB0}"
	ProjectSection(SolutionItems) = preProject
		.editorconfig = .editorconfig
	EndProjectSection
EndProject
Global
	GlobalSection(SolutionConfigurationPlatforms) = preSolution
		Debug|Any CPU = Debug|Any CPU
		Release|Any CPU = Release|Any CPU
	EndGlobalSection
	GlobalSection(ProjectConfigurationPlatforms) = postSolution
		{3A20BC84-B268-41FA-8748-6A8C941C63BE}.Debug|Any CPU.ActiveCfg = Debug|Any CPU
		{3A20BC84-B268-41FA-8748-6A8C941C63BE}.Debug|Any CPU.Build.0 = Debug|Any CPU
		{3A20BC84-B268-41FA-8748-6A8C941C63BE}.Release|Any CPU.ActiveCfg = Release|Any CPU
		{3A20BC84-B268-41FA-8748-6A8C941C63BE}.Release|Any CPU.Build.0 = Release|Any CPU
		{D419BE2F-0350-4B74-9D4D-796B03DF174F}.Debug|Any CPU.ActiveCfg = Debug|Any CPU
		{D419BE2F-0350-4B74-9D4D-796B03DF174F}.Debug|Any CPU.Build.0 = Debug|Any CPU
		{D419BE2F-0350-4B74-9D4D-796B03DF174F}.Release|Any CPU.ActiveCfg = Release|Any CPU
		{D419BE2F-0350-4B74-9D4D-796B03DF174F}.Release|Any CPU.Build.0 = Release|Any CPU
		{5DF53FA4-BB0F-4019-9A3B-20F4C8C5D2E8}.Debug|Any CPU.ActiveCfg = Debug|Any CPU
		{5DF53FA4-BB0F-4019-9A3B-20F4C8C5D2E8}.Debug|Any CPU.Build.0 = Debug|Any CPU
		{5DF53FA4-BB0F-4019-9A3B-20F4C8C5D2E8}.Release|Any CPU.ActiveCfg = Release|Any CPU
		{5DF53FA4-BB0F-4019-9A3B-20F4C8C5D2E8}.Release|Any CPU.Build.0 = Release|Any CPU
	EndGlobalSection
	GlobalSection(SolutionProperties) = preSolution
		HideSolutionNode = FALSE
	EndGlobalSection
	GlobalSection(ExtensibilityGlobals) = postSolution
		SolutionGuid = {0CD2569A-DF33-4B29-8755-CAB9475F3315}
	EndGlobalSection
EndGlobal
